
Microsoft Visual Studio Solution File, Format Version 12.00
# Visual Studio Version 16
VisualStudioVersion = 16.0.30204.135
MinimumVisualStudioVersion = 10.0.40219.1
Project("{FAE04EC0-301F-11D3-BF4B-00C04F79EFBC}") = "sample_6_7", "sample_6_7\sample_6_7.csproj", "{9269B2D5-39EA-4D65-BCDA-5628A409CFEC}"
EndProject
Global
	GlobalSection(SolutionConfigurationPlatforms) = preSolution
		Debug|Any CPU = Debug|Any CPU
		Release|Any CPU = Release|Any CPU
	EndGlobalSection
	GlobalSection(ProjectConfigurationPlatforms) = postSolution
		{9269B2D5-39EA-4D65-BCDA-5628A409CFEC}.Debug|Any CPU.ActiveCfg = Debug|Any CPU
		{9269B2D5-39EA-4D65-BCDA-5628A409CFEC}.Debug|Any CPU.Build.0 = Debug|Any CPU
		{9269B2D5-39EA-4D65-BCDA-5628A409CFEC}.Release|Any CPU.ActiveCfg = Release|Any CPU
		{9269B2D5-39EA-4D65-BCDA-5628A409CFEC}.Release|Any CPU.Build.0 = Release|Any CPU
	EndGlobalSection
	GlobalSection(SolutionProperties) = preSolution
		HideSolutionNode = FALSE
	EndGlobalSection
	GlobalSection(ExtensibilityGlobals) = postSolution
		SolutionGuid = {BDA71A62-23BE-49F2-8926-F96793BCD5F2}
	EndGlobalSection
EndGlobal
